github.com/FortAwesome/Font-Awesome v0.0.0-20241216213156-af620534bfc3 h1:/iluJkJiyTAdnqrw3Yi9rH2HNHhrrtCmj8VJe7I6o3w=
github.com/FortAwesome/Font-Awesome v0.0.0-20241216213156-af620534bfc3/go.mod h1:IUgezN/MFpCDIlFezw3L8j83oeiIuYoj28Miwr/KUYo=
github.com/google/docsy v0.13.0 h1:Y1oy5SmQ0ikJJsvkuefEVZMj0MTXLmVfpXbt7Ytc7rc=
github.com/google/docsy v0.13.0/go.mod h1:1Fj1W1O3esZh7IBQ8XAYtxtg10udBXuGI89+LUQc1AU=
github.com/hugomods/giscus v0.1.1 h1:Kb8137Cp2nQJPFb6e+CdXy8nyIAJ2dFIymG4bDdaXWI=
github.com/hugomods/giscus v0.1.1/go.mod h1:tCRkqNi/sMsLh3kjDesXZNzf4R/w+b5oc5boS/l8Jtw=
github.com/hugomods/images v0.12.3 h1:FiHZnFgbxn4SpxdY8harOxhYKA8WhAgibJoHhIe9sdU=
github.com/hugomods/images v0.12.3/go.mod h1:U6Gwj16LKvk66rOMyGFrnF6f0aV8lT89lqOsckOAjYY=
github.com/twbs/bootstrap v5.3.8+incompatible/go.mod h1:fZTSrkpSf0/HkL0IIJzvVspTt1r9zuf7XlZau8kpcY0=
